<Solution>
  <Folder Name="/Task0/">
    <Project Path="Tyuiu.UrlaherKA.Sprint2.Task0.V19.Lib/Tyuiu.UrlaherKA.Sprint2.Task0.V19.Lib.csproj" />
    <Project Path="Tyuiu.UrlaherKA.Sprint2.Task0.V19.Test/Tyuiu.UrlaherKA.Sprint2.Task0.V19.Test.csproj" />
    <Project Path="Tyuiu.UrlaherKA.Sprint2.Task0.V19/Tyuiu.UrlaherKA.Sprint2.Task0.V19.csproj" />
  </Folder>
  <Folder Name="/Task1/">
    <Project Path="Tyuiu.UrlaherKA.Sprint2.Task1.V14.Lib/Tyuiu.UrlaherKA.Sprint2.Task1.V14.Lib.csproj" />
    <Project Path="Tyuiu.UrlaherKA.Sprint2.Task1.V14.Test/Tyuiu.UrlaherKA.Sprint2.Task1.V14.Test.csproj" />
    <Project Path="Tyuiu.UrlaherKA.Sprint2.Task1.V14/Tyuiu.UrlaherKA.Sprint2.Task1.V14.csproj" />
  </Folder>
  <Folder Name="/Task2/">
    <Project Path="Tyuiu.UrlaherKA.Sprint2.Task2.V17.Lib/Tyuiu.UrlaherKA.Sprint2.Task2.V17.Lib.csproj" Id="00f9e52d-46ad-433d-be95-9d1c8565f5e1" />
    <Project Path="Tyuiu.UrlaherKA.Sprint2.Task2.V17.Test/Tyuiu.UrlaherKA.Sprint2.Task2.V17.Test.csproj" Id="b191144c-1283-486c-8af1-2965e92ae7e6" />
    <Project Path="Tyuiu.UrlaherKA.Sprint2.Task2.V17/Tyuiu.UrlaherKA.Sprint2.Task2.V17.csproj" Id="5c928d49-104f-4f19-9a37-07680d508a94" />
  </Folder>
  <Folder Name="/Task3/">
    <Project Path="Tyuiu.UrlaherKA.Sprint2.Task3.V15.Lib/Tyuiu.UrlaherKA.Sprint2.Task3.V15.Lib.csproj" Id="f6f026bc-fbd6-4042-974a-11b7bd132bce" />
    <Project Path="Tyuiu.UrlaherKA.Sprint2.Task3.V15.Test/Tyuiu.UrlaherKA.Sprint2.Task3.V15.Test.csproj" Id="0c2b2063-1d0b-4759-85d8-50e52a0c1ca7" />
    <Project Path="Tyuiu.UrlaherKA.Sprint2.Task3.V15/Tyuiu.UrlaherKA.Sprint2.Task3.V15.csproj" Id="d6c250f3-98ac-49d7-8506-01eebdd2f518" />
  </Folder>
  <Folder Name="/Task4/">
    <Project Path="Tyuiu.UrlaherKA.Sprint2.Task4.V13.Lib/Tyuiu.UrlaherKA.Sprint2.Task4.V13.Lib.csproj" Id="21180efa-74b6-40f0-bc7e-d3e0ee0aae07" />
    <Project Path="Tyuiu.UrlaherKA.Sprint2.Task4.V13.Test/Tyuiu.UrlaherKA.Sprint2.Task4.V13.Test.csproj" Id="1c2aee15-0182-4e30-8638-083bfd0f3d66" />
    <Project Path="Tyuiu.UrlaherKA.Sprint2.Task4.V13/Tyuiu.UrlaherKA.Sprint2.Task4.V13.csproj" Id="6e93d075-3402-4659-afc3-59b0400cd90d" />
  </Folder>
  <Folder Name="/Task5/">
    <Project Path="Tyuiu.UrlaherKA.Sprint2.Task5.V13.Lib/Tyuiu.UrlaherKA.Sprint2.Task5.V13.Lib.csproj" Id="c1a094b9-9095-4f78-8ba0-4a2e98b7ca50" />
    <Project Path="Tyuiu.UrlaherKA.Sprint2.Task5.V13.Test/Tyuiu.UrlaherKA.Sprint2.Task5.V13.Test.csproj" Id="fb06993d-c362-488b-955b-32a911b51c0d" />
    <Project Path="Tyuiu.UrlaherKA.Sprint2.Task5.V13/Tyuiu.UrlaherKA.Sprint2.Task5.V13.csproj" Id="adc0f03a-8239-4a78-80af-a7c988d197c8" />
  </Folder>
</Solution>
