<Solution>
  <Folder Name="/Task0/">
    <Project Path="Tyuiu.UrlaherKA.Sprint2.Task0.V19.Lib/Tyuiu.UrlaherKA.Sprint2.Task0.V19.Lib.csproj" />
    <Project Path="Tyuiu.UrlaherKA.Sprint2.Task0.V19.Test/Tyuiu.UrlaherKA.Sprint2.Task0.V19.Test.csproj" />
    <Project Path="Tyuiu.UrlaherKA.Sprint2.Task0.V19/Tyuiu.UrlaherKA.Sprint2.Task0.V19.csproj" />
  </Folder>
</Solution>
